<?xml version="1.0" encoding="UTF-8" standalone="yes" ?>
<CodeBlocks_project_file>
	<FileVersion major="1" minor="6" />
	<Project>
		<Option title="PROYECTO FINAL 12" />
		<Option pch_mode="2" />
		<Option compiler="gcc" />
		<Build>
			<Target title="Debug">
				<Option output="bin/Debug/PROYECTO FINAL 12" prefix_auto="1" extension_auto="1" />
				<Option object_output="obj/Debug/" />
				<Option type="1" />
				<Option compiler="gcc" />
				<Compiler>
					<Add option="-g" />
				</Compiler>
			</Target>
			<Target title="Release">
				<Option output="bin/Release/PROYECTO FINAL 12" prefix_auto="1" extension_auto="1" />
				<Option object_output="obj/Release/" />
				<Option type="1" />
				<Option compiler="gcc" />
				<Compiler>
					<Add option="-O2" />
				</Compiler>
				<Linker>
					<Add option="-s" />
				</Linker>
			</Target>
		</Build>
		<Compiler>
			<Add option="-Wall" />
			<Add option="-fexceptions" />
		</Compiler>
		<Unit filename="../BASE_DE_DATOS.cpp" />
		<Unit filename="../BASE_DE_DATOS.h" />
		<Unit filename="../ESTRUCTURAS.h" />
		<Unit filename="../INICIAR_SISTEMA.cpp" />
		<Unit filename="../INICIAR_SISTEMA.h" />
		<Unit filename="../MOTOR_APUESTAS.cpp" />
		<Unit filename="../MOTOR_APUESTAS.h" />
		<Unit filename="../Main1.cpp" />
		<Unit filename="../Menus.cpp" />
		<Unit filename="../Menus.h" />
		<Unit filename="../PREDICCION.cpp" />
		<Unit filename="../PREDICCION.h" />
		<Unit filename="../Simulador.cpp" />
		<Unit filename="../Simulador.h" />
		<Unit filename="../USUARIO.cpp" />
		<Unit filename="../USUARIO.h" />
		<Unit filename="../VARIABLES_GLOBALES.cpp" />
		<Unit filename="../VARIABLES_GLOBALES.h" />
		<Unit filename="Equipos.txt" />
		<Extensions>
			<lib_finder disable_auto="1" />
		</Extensions>
	</Project>
</CodeBlocks_project_file>
